Microsoft Visual Studio Solution File, Format Version 12.00
# Visual Studio Version 17
VisualStudioVersion = 17.5.2.0
MinimumVisualStudioVersion = 10.0.40219.1
Project("{FAE04EC0-301F-11D3-BF4B-00C04F79EFBC}") = "App", "App\App.csproj", "{4C797616-DAC9-4B3E-B243-14BDE520BAAD}"
EndProject
Global
	GlobalSection(SolutionConfigurationPlatforms) = preSolution
		Debug|Any CPU = Debug|Any CPU
		Release|Any CPU = Release|Any CPU
	EndGlobalSection
	GlobalSection(ProjectConfigurationPlatforms) = postSolution
		{80AB2C26-364B-FB42-DF86-BF4D74EC4C48}.Debug|Any CPU.ActiveCfg = Debug|Any CPU
		{80AB2C26-364B-FB42-DF86-BF4D74EC4C48}.Debug|Any CPU.Build.0 = Debug|Any CPU
		{80AB2C26-364B-FB42-DF86-BF4D74EC4C48}.Release|Any CPU.ActiveCfg = Release|Any CPU
		{80AB2C26-364B-FB42-DF86-BF4D74EC4C48}.Release|Any CPU.Build.0 = Release|Any CPU
		{4C797616-DAC9-4B3E-B243-14BDE520BAAD}.Debug|Any CPU.ActiveCfg = Debug|Any CPU
		{4C797616-DAC9-4B3E-B243-14BDE520BAAD}.Debug|Any CPU.Build.0 = Debug|Any CPU
		{4C797616-DAC9-4B3E-B243-14BDE520BAAD}.Release|Any CPU.ActiveCfg = Release|Any CPU
		{4C797616-DAC9-4B3E-B243-14BDE520BAAD}.Release|Any CPU.Build.0 = Release|Any CPU
	EndGlobalSection
	GlobalSection(SolutionProperties) = preSolution
		HideSolutionNode = FALSE
	EndGlobalSection
	GlobalSection(ExtensibilityGlobals) = postSolution
		SolutionGuid = {F836EC47-2C41-491F-82F6-0E1A257F7635}
	EndGlobalSection
EndGlobal
